{
  "projects": [
    {
      "projectId": "9vShP3riUJUok175BFrt6K",
      "version": "latest",
      "dependencies": {},
      "lang": "js",
      "fileLocks": [
        {
          "type": "globalVariant",
          "assetId": "kEa40YFp3gU01u",
          "checksum": "283d397637b64a1e9f699a1a6a3134ba"
        },
        {
          "assetId": "9vShP3riUJUok175BFrt6K",
          "type": "projectCss",
          "checksum": "59e7cceadf7ed994b4c1eebfd9216611"
        },
        {
          "type": "renderModule",
          "assetId": "5XfpTibKFXcDE",
          "checksum": "741467f181919126a2ee5232354d43bc"
        },
        {
          "type": "cssRules",
          "assetId": "5XfpTibKFXcDE",
          "checksum": "741467f181919126a2ee5232354d43bc"
        },
        {
          "type": "renderModule",
          "assetId": "HQEqcS308f14TS",
          "checksum": "5d32025861553822104d86d81807420f"
        },
        {
          "type": "cssRules",
          "assetId": "HQEqcS308f14TS",
          "checksum": "5d32025861553822104d86d81807420f"
        },
        {
          "type": "renderModule",
          "assetId": "-Dbu1CP8MBsaix",
          "checksum": "5a816146cdbd61878d76176a93ecd761"
        },
        {
          "type": "cssRules",
          "assetId": "-Dbu1CP8MBsaix",
          "checksum": "5a816146cdbd61878d76176a93ecd761"
        },
        {
          "type": "renderModule",
          "assetId": "FqlhoTbDtoahcL",
          "checksum": "bd76eeace9f235609a3959d484a44ed8"
        },
        {
          "type": "cssRules",
          "assetId": "FqlhoTbDtoahcL",
          "checksum": "bd76eeace9f235609a3959d484a44ed8"
        },
        {
          "type": "renderModule",
          "assetId": "figTdjOb9OIT5I",
          "checksum": "f333e03606d44b34a806962b88258f25"
        },
        {
          "type": "cssRules",
          "assetId": "figTdjOb9OIT5I",
          "checksum": "f333e03606d44b34a806962b88258f25"
        },
        {
          "type": "renderModule",
          "assetId": "CG-gRJxaoA-X1q",
          "checksum": "e4047c4b64538b7245dc5ce5b704f6c9"
        },
        {
          "type": "cssRules",
          "assetId": "CG-gRJxaoA-X1q",
          "checksum": "e4047c4b64538b7245dc5ce5b704f6c9"
        },
        {
          "type": "renderModule",
          "assetId": "17XITOzK4mT8JI",
          "checksum": "f30fcf3f7b334946a45cc2eec43c7528"
        },
        {
          "type": "cssRules",
          "assetId": "17XITOzK4mT8JI",
          "checksum": "f30fcf3f7b334946a45cc2eec43c7528"
        },
        {
          "type": "renderModule",
          "assetId": "uE23GPZCno6HQz",
          "checksum": "eccc86d17b27e2eb50cfbf6370150fa0"
        },
        {
          "type": "cssRules",
          "assetId": "uE23GPZCno6HQz",
          "checksum": "eccc86d17b27e2eb50cfbf6370150fa0"
        },
        {
          "type": "renderModule",
          "assetId": "_25jcJJPQNLMq7",
          "checksum": "113b2faf63deaa4de40f1ce809824a01"
        },
        {
          "type": "cssRules",
          "assetId": "_25jcJJPQNLMq7",
          "checksum": "113b2faf63deaa4de40f1ce809824a01"
        },
        {
          "type": "renderModule",
          "assetId": "f8sA8K8KmUFdPE",
          "checksum": "93353b76a9394dcfadd0e3a8990fde3c"
        },
        {
          "type": "cssRules",
          "assetId": "f8sA8K8KmUFdPE",
          "checksum": "93353b76a9394dcfadd0e3a8990fde3c"
        },
        {
          "type": "renderModule",
          "assetId": "OytYbxbRnc9AZC",
          "checksum": "2186b244e8b92e746a314154c5c47d70"
        },
        {
          "type": "cssRules",
          "assetId": "OytYbxbRnc9AZC",
          "checksum": "2186b244e8b92e746a314154c5c47d70"
        },
        {
          "type": "renderModule",
          "assetId": "2M2Tf_jFQ2QXZb",
          "checksum": "1a5219d53d420cc86ab452f47303c260"
        },
        {
          "type": "cssRules",
          "assetId": "2M2Tf_jFQ2QXZb",
          "checksum": "1a5219d53d420cc86ab452f47303c260"
        },
        {
          "type": "renderModule",
          "assetId": "y3nQZFbfY6qbTP",
          "checksum": "5c8c83590f6913bd10dd6779563df64c"
        },
        {
          "type": "cssRules",
          "assetId": "y3nQZFbfY6qbTP",
          "checksum": "5c8c83590f6913bd10dd6779563df64c"
        },
        {
          "type": "renderModule",
          "assetId": "fvH5HraLt2JvHk",
          "checksum": "753ebc5d3934c514e45dcd4fc184bd20"
        },
        {
          "type": "cssRules",
          "assetId": "fvH5HraLt2JvHk",
          "checksum": "753ebc5d3934c514e45dcd4fc184bd20"
        },
        {
          "type": "renderModule",
          "assetId": "h9rOBTxAG8o6jb",
          "checksum": "b6f71be5c39b637e706140e0a8feb1f0"
        },
        {
          "type": "cssRules",
          "assetId": "h9rOBTxAG8o6jb",
          "checksum": "b6f71be5c39b637e706140e0a8feb1f0"
        },
        {
          "type": "renderModule",
          "assetId": "7dBF6XIgeSTsgS",
          "checksum": "83b84250d560897d92d1be8f85ffbbd6"
        },
        {
          "type": "cssRules",
          "assetId": "7dBF6XIgeSTsgS",
          "checksum": "83b84250d560897d92d1be8f85ffbbd6"
        },
        {
          "type": "icon",
          "assetId": "_XB5P6HH6751yP",
          "checksum": "d90a385fdad4c97201c61ac8c54a7a42"
        },
        {
          "type": "icon",
          "assetId": "CDnahQFVAFqGji",
          "checksum": "896fafe9990fa011e4758a9d1a8194fe"
        },
        {
          "type": "icon",
          "assetId": "MBfgu4AFjgwG1B",
          "checksum": "5594a81a2e835915d0a6bc7f76b8fcfe"
        },
        {
          "type": "icon",
          "assetId": "O6pR5fiRoQTHOm",
          "checksum": "ff587bcedba88ed2a27784e57edf0473"
        },
        {
          "type": "icon",
          "assetId": "hUUvnbtaIfIpUa",
          "checksum": "a5e4f47febf18738ba4e82bdeb8ebdd3"
        },
        {
          "type": "icon",
          "assetId": "vLzYl4x8KarKfh",
          "checksum": "562bdcb98cde9579ba0af2435b39791e"
        },
        {
          "type": "icon",
          "assetId": "Y9IM-oDz6ZcxNi",
          "checksum": "35a925c69e2dd7d4bdf8947bd63416b7"
        },
        {
          "type": "icon",
          "assetId": "Ocrtt9QorWBY_v",
          "checksum": "6b81ddc79e258dfdbd4f61ced74ad793"
        },
        {
          "type": "icon",
          "assetId": "reA-9LLvqgPhh5",
          "checksum": "0d6dccd7b000a0fc390e486b94a33ca5"
        },
        {
          "type": "icon",
          "assetId": "Emvf_rqblLr3On",
          "checksum": "da78f8cb431afbc802de22c8f6543b4b"
        },
        {
          "type": "icon",
          "assetId": "QDkRZueOgdBhBF",
          "checksum": "e3a54f1c9c83e776361f78cfefcc66c6"
        },
        {
          "type": "icon",
          "assetId": "qqjrpysCQkj3cp",
          "checksum": "ded869d407fbb8f682606d4d4dfa8f36"
        },
        {
          "type": "icon",
          "assetId": "qQH5_SVKDewnIB",
          "checksum": "cc42d591be7aa22a8301d79a2c3a3a22"
        },
        {
          "type": "icon",
          "assetId": "kqQnUMcF4LjNB3",
          "checksum": "c67cf6d57502712459fae187eb4d249f"
        },
        {
          "type": "icon",
          "assetId": "6bEPwe6Qypd48p",
          "checksum": "bdfdd60b0b9768a4c5c2ddcc8c0c646a"
        },
        {
          "type": "icon",
          "assetId": "G8hOC1AKr7tKck",
          "checksum": "e448a9368836538712aa8033a9ec59de"
        },
        {
          "type": "icon",
          "assetId": "cIaeIkDhJ1g2I7",
          "checksum": "3d0eaf9fd3a452102a2013a3ed6d2d81"
        },
        {
          "type": "image",
          "assetId": "y2DhET_-i3BOW_",
          "checksum": "45987ed883e02f235b43a0990f1d4ad6"
        },
        {
          "type": "image",
          "assetId": "6HwSivHr4VlUXf",
          "checksum": "6daa91fe80ca7e6a899b041be691f647"
        },
        {
          "type": "image",
          "assetId": "B4HSONhhCFHWuX",
          "checksum": "50b11f088239946e022d04a702af1873"
        },
        {
          "type": "image",
          "assetId": "V2lIgjV7pWBD60",
          "checksum": "c1df97ed09012fed1ecc6cf3922b1426"
        },
        {
          "type": "image",
          "assetId": "8HKm1OpLE51ozy",
          "checksum": "082c27deffb3ec2c86cd1cca323e4548"
        },
        {
          "type": "image",
          "assetId": "mKysUSGvJIFLrg",
          "checksum": "f51d70fc5f03dcdd09bdda2aa1fd56bc"
        },
        {
          "type": "image",
          "assetId": "iREhApq9QZGiRZ",
          "checksum": "3a5dbecf31ce67bbc9c53a1eb0d8b634"
        },
        {
          "type": "image",
          "assetId": "URHercCbaDv1vi",
          "checksum": "a94cd2eeb70b42b29767ffac15b48ca6"
        },
        {
          "type": "image",
          "assetId": "_1QaehIGQsdK5R",
          "checksum": "1a4db9837bebccd7484cad3ce1e7f966"
        },
        {
          "type": "image",
          "assetId": "TY6jDmqhO88K6Y",
          "checksum": "03e1210f441fb302a762e34549a91008"
        },
        {
          "type": "image",
          "assetId": "3kbdtPDOcu0oZ3",
          "checksum": "bab57590cde218073fb66ebd7ae0ba13"
        },
        {
          "type": "image",
          "assetId": "ocTV98kLrGMax0",
          "checksum": "aa58508db93d874acd5b044aa6a2a90d"
        },
        {
          "type": "image",
          "assetId": "b6cD6YufIqKZMH",
          "checksum": "bce5aa442813fc1fda32464eae55e77e"
        },
        {
          "type": "image",
          "assetId": "Y3T8MVzbHq3axQ",
          "checksum": "b34a009a32cc69e30fd434860034640a"
        },
        {
          "type": "image",
          "assetId": "219Mj7UfPDeHks",
          "checksum": "6b0624b9aff4302666f064ccfa987030"
        },
        {
          "type": "image",
          "assetId": "JbCi3_KWwEvegW",
          "checksum": "903b0331740229f1540e9b7a43c8c264"
        },
        {
          "type": "image",
          "assetId": "OmcMGmIiw3wfTV",
          "checksum": "02d391562eb5f0f06268d3c188480fc2"
        },
        {
          "type": "image",
          "assetId": "EMhmZQUDJrF1lw",
          "checksum": "3c9a5242bcd7450dd8fdce6fa081756f"
        },
        {
          "type": "image",
          "assetId": "yRDVbI8znLu_-I",
          "checksum": "0e868b0ff98408a7cc674cf705997669"
        },
        {
          "type": "image",
          "assetId": "6aaw-AMyDkeaHM",
          "checksum": "a6bf7a43f94a43bac9f95a345d89b87b"
        }
      ],
      "codegenVersion": "0.0.1"
    }
  ],
  "cliVersion": "0.1.219"
}
